
Microsoft Visual Studio Solution File, Format Version 12.00
# Visual Studio 2017
Project("{FAE04EC0-301F-11D3-BF4B-00C04F79EFBC}") = "DIY", "DIY.csproj", "{3AFDC8FB-6242-7E9F-4B59-E1B7C50854D6}"
EndProject
Project("{FAE04EC0-301F-11D3-BF4B-00C04F79EFBC}") = "DIY.Editor", "DIY.Editor.csproj", "{C905E637-34AE-83D3-399B-8CFF5C7A356A}"
EndProject
Global
	GlobalSection(SolutionConfigurationPlatforms) = preSolution
		Debug|Any CPU = Debug|Any CPU
		Release|Any CPU = Release|Any CPU
	EndGlobalSection
	GlobalSection(ProjectConfigurationPlatforms) = postSolution
		{3AFDC8FB-6242-7E9F-4B59-E1B7C50854D6}.Debug|Any CPU.ActiveCfg = Debug|Any CPU
		{3AFDC8FB-6242-7E9F-4B59-E1B7C50854D6}.Debug|Any CPU.Build.0 = Debug|Any CPU
		{3AFDC8FB-6242-7E9F-4B59-E1B7C50854D6}.Release|Any CPU.ActiveCfg = Release|Any CPU
		{3AFDC8FB-6242-7E9F-4B59-E1B7C50854D6}.Release|Any CPU.Build.0 = Release|Any CPU
		{C905E637-34AE-83D3-399B-8CFF5C7A356A}.Debug|Any CPU.ActiveCfg = Debug|Any CPU
		{C905E637-34AE-83D3-399B-8CFF5C7A356A}.Debug|Any CPU.Build.0 = Debug|Any CPU
		{C905E637-34AE-83D3-399B-8CFF5C7A356A}.Release|Any CPU.ActiveCfg = Release|Any CPU
		{C905E637-34AE-83D3-399B-8CFF5C7A356A}.Release|Any CPU.Build.0 = Release|Any CPU
	EndGlobalSection
	GlobalSection(SolutionProperties) = preSolution
		HideSolutionNode = FALSE
	EndGlobalSection
EndGlobal
